
Microsoft Visual Studio Solution File, Format Version 12.00
# Visual Studio Version 16
VisualStudioVersion = 16.0.29215.179
MinimumVisualStudioVersion = 10.0.40219.1
Project("{FAE04EC0-301F-11D3-BF4B-00C04F79EFBC}") = "P4 Code", "P4 Code.csproj", "{853E10D3-C33C-40B2-BF50-EFF9F0BFAE36}"
EndProject
Project("{9A19103F-16F7-4668-BE54-9A1E7A4F7556}") = "P3_Code", "..\P3 Code\AppUser\P3_Code.csproj", "{9FDB4C1A-5099-4215-9C15-2607B888725C}"
EndProject
Project("{FAE04EC0-301F-11D3-BF4B-00C04F79EFBC}") = "P5", "..\P5\P5.csproj", "{F645D12E-DFCF-4319-A926-52E891525DA0}"
EndProject
Global
	GlobalSection(SolutionConfigurationPlatforms) = preSolution
		Debug|Any CPU = Debug|Any CPU
		Release|Any CPU = Release|Any CPU
	EndGlobalSection
	GlobalSection(ProjectConfigurationPlatforms) = postSolution
		{853E10D3-C33C-40B2-BF50-EFF9F0BFAE36}.Debug|Any CPU.ActiveCfg = Debug|Any CPU
		{853E10D3-C33C-40B2-BF50-EFF9F0BFAE36}.Debug|Any CPU.Build.0 = Debug|Any CPU
		{853E10D3-C33C-40B2-BF50-EFF9F0BFAE36}.Release|Any CPU.ActiveCfg = Release|Any CPU
		{853E10D3-C33C-40B2-BF50-EFF9F0BFAE36}.Release|Any CPU.Build.0 = Release|Any CPU
		{9FDB4C1A-5099-4215-9C15-2607B888725C}.Debug|Any CPU.ActiveCfg = Debug|Any CPU
		{9FDB4C1A-5099-4215-9C15-2607B888725C}.Debug|Any CPU.Build.0 = Debug|Any CPU
		{9FDB4C1A-5099-4215-9C15-2607B888725C}.Release|Any CPU.ActiveCfg = Release|Any CPU
		{9FDB4C1A-5099-4215-9C15-2607B888725C}.Release|Any CPU.Build.0 = Release|Any CPU
		{F645D12E-DFCF-4319-A926-52E891525DA0}.Debug|Any CPU.ActiveCfg = Debug|Any CPU
		{F645D12E-DFCF-4319-A926-52E891525DA0}.Debug|Any CPU.Build.0 = Debug|Any CPU
		{F645D12E-DFCF-4319-A926-52E891525DA0}.Release|Any CPU.ActiveCfg = Release|Any CPU
		{F645D12E-DFCF-4319-A926-52E891525DA0}.Release|Any CPU.Build.0 = Release|Any CPU
	EndGlobalSection
	GlobalSection(SolutionProperties) = preSolution
		HideSolutionNode = FALSE
	EndGlobalSection
	GlobalSection(ExtensibilityGlobals) = postSolution
		SolutionGuid = {0F93E0BE-BCC1-492C-A4AA-E222B782D9F7}
	EndGlobalSection
EndGlobal
